
Microsoft Visual Studio Solution File, Format Version 12.00
# Visual Studio 15
VisualStudioVersion = 15.0.28307.757
MinimumVisualStudioVersion = 10.0.40219.1
Project("{8BC9CEB8-8B4A-11D0-8D11-00A0C91BC942}") = "CLW(24.09)", "Project5\Project5.vcxproj", "{7D43B527-ACDE-4090-9A64-78E160837761}"
EndProject
Project("{8BC9CEB8-8B4A-11D0-8D11-00A0C91BC942}") = "Recursion", "Recursion\Recursion.vcxproj", "{42D4D92B-6263-4965-A423-FCBF1198D654}"
EndProject
Project("{8BC9CEB8-8B4A-11D0-8D11-00A0C91BC942}") = "XO", "XO\XO.vcxproj", "{6605913B-9371-4988-BB68-DF4B120AE086}"
EndProject
Global
	GlobalSection(SolutionConfigurationPlatforms) = preSolution
		Debug|x64 = Debug|x64
		Debug|x86 = Debug|x86
		Release|x64 = Release|x64
		Release|x86 = Release|x86
	EndGlobalSection
	GlobalSection(ProjectConfigurationPlatforms) = postSolution
		{7D43B527-ACDE-4090-9A64-78E160837761}.Debug|x64.ActiveCfg = Debug|x64
		{7D43B527-ACDE-4090-9A64-78E160837761}.Debug|x64.Build.0 = Debug|x64
		{7D43B527-ACDE-4090-9A64-78E160837761}.Debug|x86.ActiveCfg = Debug|Win32
		{7D43B527-ACDE-4090-9A64-78E160837761}.Debug|x86.Build.0 = Debug|Win32
		{7D43B527-ACDE-4090-9A64-78E160837761}.Release|x64.ActiveCfg = Release|x64
		{7D43B527-ACDE-4090-9A64-78E160837761}.Release|x64.Build.0 = Release|x64
		{7D43B527-ACDE-4090-9A64-78E160837761}.Release|x86.ActiveCfg = Release|Win32
		{7D43B527-ACDE-4090-9A64-78E160837761}.Release|x86.Build.0 = Release|Win32
		{42D4D92B-6263-4965-A423-FCBF1198D654}.Debug|x64.ActiveCfg = Debug|x64
		{42D4D92B-6263-4965-A423-FCBF1198D654}.Debug|x64.Build.0 = Debug|x64
		{42D4D92B-6263-4965-A423-FCBF1198D654}.Debug|x86.ActiveCfg = Debug|Win32
		{42D4D92B-6263-4965-A423-FCBF1198D654}.Debug|x86.Build.0 = Debug|Win32
		{42D4D92B-6263-4965-A423-FCBF1198D654}.Release|x64.ActiveCfg = Release|x64
		{42D4D92B-6263-4965-A423-FCBF1198D654}.Release|x64.Build.0 = Release|x64
		{42D4D92B-6263-4965-A423-FCBF1198D654}.Release|x86.ActiveCfg = Release|Win32
		{42D4D92B-6263-4965-A423-FCBF1198D654}.Release|x86.Build.0 = Release|Win32
		{6605913B-9371-4988-BB68-DF4B120AE086}.Debug|x64.ActiveCfg = Debug|x64
		{6605913B-9371-4988-BB68-DF4B120AE086}.Debug|x64.Build.0 = Debug|x64
		{6605913B-9371-4988-BB68-DF4B120AE086}.Debug|x86.ActiveCfg = Debug|Win32
		{6605913B-9371-4988-BB68-DF4B120AE086}.Debug|x86.Build.0 = Debug|Win32
		{6605913B-9371-4988-BB68-DF4B120AE086}.Release|x64.ActiveCfg = Release|x64
		{6605913B-9371-4988-BB68-DF4B120AE086}.Release|x64.Build.0 = Release|x64
		{6605913B-9371-4988-BB68-DF4B120AE086}.Release|x86.ActiveCfg = Release|Win32
		{6605913B-9371-4988-BB68-DF4B120AE086}.Release|x86.Build.0 = Release|Win32
	EndGlobalSection
	GlobalSection(SolutionProperties) = preSolution
		HideSolutionNode = FALSE
	EndGlobalSection
	GlobalSection(ExtensibilityGlobals) = postSolution
		SolutionGuid = {8477BDED-8ED4-4E73-AB23-EE881979D3D3}
	EndGlobalSection
EndGlobal
